// !$*UTF8*$!
{
	archiveVersion = 1;
	classes = {
	};
	objectVersion = 50;
	objects = {

/* Begin PBXBuildFile section */
		21C89D14254361D000557797 /* JacobiQuartic.c in Sources */ = {isa = PBXBuildFile; fileRef = 21C89D13254361D000557797 /* JacobiQuartic.c */; };
		21D62CF52540459C00B4AD3D /* main.c in Sources */ = {isa = PBXBuildFile; fileRef = 21D62CF42540459C00B4AD3D /* main.c */; };
/* End PBXBuildFile section */

/* Begin PBXCopyFilesBuildPhase section */
		21D62CEF2540459C00B4AD3D /* CopyFiles */ = {
			isa = PBXCopyFilesBuildPhase;
			buildActionMask = 2147483647;
			dstPath = /usr/share/man/man1/;
			dstSubfolderSpec = 0;
			files = (
			);
			runOnlyForDeploymentPostprocessing = 1;
		};
/* End PBXCopyFilesBuildPhase section */

/* Begin PBXFileReference section */
		2163146C2543111B00ED57D2 /* JacobiQuartic.h */ = {isa = PBXFileReference; lastKnownFileType = sourcecode.c.h; path = JacobiQuartic.h; sourceTree = "<group>"; };
		216314742543208C00ED57D2 /* parameters.h */ = {isa = PBXFileReference; lastKnownFileType = sourcecode.c.h; path = parameters.h; sourceTree = "<group>"; };
		21C89D13254361D000557797 /* JacobiQuartic.c */ = {isa = PBXFileReference; lastKnownFileType = sourcecode.c.c; path = JacobiQuartic.c; sourceTree = "<group>"; };
		21D62CF12540459C00B4AD3D /* elliptic_curve */ = {isa = PBXFileReference; explicitFileType = "compiled.mach-o.executable"; includeInIndex = 0; path = elliptic_curve; sourceTree = BUILT_PRODUCTS_DIR; };
		21D62CF42540459C00B4AD3D /* main.c */ = {isa = PBXFileReference; lastKnownFileType = sourcecode.c.c; path = main.c; sourceTree = "<group>"; };
		21D62CFD2540590100B4AD3D /* 1.1.1h */ = {isa = PBXFileReference; lastKnownFileType = folder; name = 1.1.1h; path = "../../../../../usr/local/Cellar/openssl@1.1/1.1.1h"; sourceTree = "<group>"; };
		21D62CFE2540595100B4AD3D /* bn.h */ = {isa = PBXFileReference; lastKnownFileType = sourcecode.c.h; name = bn.h; path = "../../../../../usr/local/Cellar/openssl@1.1/1.1.1h/include/openssl/bn.h"; sourceTree = "<group>"; };
/* End PBXFileReference section */

/* Begin PBXFrameworksBuildPhase section */
		21D62CEE2540459C00B4AD3D /* Frameworks */ = {
			isa = PBXFrameworksBuildPhase;
			buildActionMask = 2147483647;
			files = (
			);
			runOnlyForDeploymentPostprocessing = 0;
		};
/* End PBXFrameworksBuildPhase section */

/* Begin PBXGroup section */
		21D62CE82540459C00B4AD3D = {
			isa = PBXGroup;
			children = (
				21D62CF32540459C00B4AD3D /* elliptic_curve */,
				21D62CF22540459C00B4AD3D /* Products */,
				21D62CFC2540590100B4AD3D /* Frameworks */,
			);
			sourceTree = "<group>";
		};
		21D62CF22540459C00B4AD3D /* Products */ = {
			isa = PBXGroup;
			children = (
				21D62CF12540459C00B4AD3D /* elliptic_curve */,
			);
			name = Products;
			sourceTree = "<group>";
		};
		21D62CF32540459C00B4AD3D /* elliptic_curve */ = {
			isa = PBXGroup;
			children = (
				21D62CF42540459C00B4AD3D /* main.c */,
				2163146C2543111B00ED57D2 /* JacobiQuartic.h */,
				216314742543208C00ED57D2 /* parameters.h */,
				21C89D13254361D000557797 /* JacobiQuartic.c */,
			);
			path = elliptic_curve;
			sourceTree = "<group>";
		};
		21D62CFC2540590100B4AD3D /* Frameworks */ = {
			isa = PBXGroup;
			children = (
				21D62CFE2540595100B4AD3D /* bn.h */,
				21D62CFD2540590100B4AD3D /* 1.1.1h */,
			);
			name = Frameworks;
			sourceTree = "<group>";
		};
/* End PBXGroup section */

/* Begin PBXNativeTarget section */
		21D62CF02540459C00B4AD3D /* elliptic_curve */ = {
			isa = PBXNativeTarget;
			buildConfigurationList = 21D62CF82540459C00B4AD3D /* Build configuration list for PBXNativeTarget "elliptic_curve" */;
			buildPhases = (
				21D62CED2540459C00B4AD3D /* Sources */,
				21D62CEE2540459C00B4AD3D /* Frameworks */,
				21D62CEF2540459C00B4AD3D /* CopyFiles */,
			);
			buildRules = (
			);
			dependencies = (
			);
			name = elliptic_curve;
			productName = elliptic_curve;
			productReference = 21D62CF12540459C00B4AD3D /* elliptic_curve */;
			productType = "com.apple.product-type.tool";
		};
/* End PBXNativeTarget section */

/* Begin PBXProject section */
		21D62CE92540459C00B4AD3D /* Project object */ = {
			isa = PBXProject;
			attributes = {
				LastUpgradeCheck = 1210;
				TargetAttributes = {
					21D62CF02540459C00B4AD3D = {
						CreatedOnToolsVersion = 12.1;
					};
				};
			};
			buildConfigurationList = 21D62CEC2540459C00B4AD3D /* Build configuration list for PBXProject "elliptic_curve" */;
			compatibilityVersion = "Xcode 9.3";
			developmentRegion = en;
			hasScannedForEncodings = 0;
			knownRegions = (
				en,
				Base,
			);
			mainGroup = 21D62CE82540459C00B4AD3D;
			productRefGroup = 21D62CF22540459C00B4AD3D /* Products */;
			projectDirPath = "";
			projectRoot = "";
			targets = (
				21D62CF02540459C00B4AD3D /* elliptic_curve */,
			);
		};
/* End PBXProject section */

/* Begin PBXSourcesBuildPhase section */
		21D62CED2540459C00B4AD3D /* Sources */ = {
			isa = PBXSourcesBuildPhase;
			buildActionMask = 2147483647;
			files = (
				21D62CF52540459C00B4AD3D /* main.c in Sources */,
				21C89D14254361D000557797 /* JacobiQuartic.c in Sources */,
			);
			runOnlyForDeploymentPostprocessing = 0;
		};
/* End PBXSourcesBuildPhase section */

/* Begin XCBuildConfiguration section */
		21D62CF62540459C00B4AD3D /* Debug */ = {
			isa = XCBuildConfiguration;
			buildSettings = {
				ALWAYS_SEARCH_USER_PATHS = YES;
				CLANG_ANALYZER_NONNULL = YES;
				CLANG_ANALYZER_NUMBER_OBJECT_CONVERSION = YES_AGGRESSIVE;
				CLANG_CXX_LANGUAGE_STANDARD = "gnu++14";
				CLANG_CXX_LIBRARY = "libc++";
				CLANG_ENABLE_MODULES = YES;
				CLANG_ENABLE_OBJC_ARC = YES;
				CLANG_ENABLE_OBJC_WEAK = YES;
				CLANG_WARN_BLOCK_CAPTURE_AUTORELEASING = YES;
				CLANG_WARN_BOOL_CONVERSION = YES;
				CLANG_WARN_COMMA = YES;
				CLANG_WARN_CONSTANT_CONVERSION = YES;
				CLANG_WARN_DEPRECATED_OBJC_IMPLEMENTATIONS = YES;
				CLANG_WARN_DIRECT_OBJC_ISA_USAGE = YES_ERROR;
				CLANG_WARN_DOCUMENTATION_COMMENTS = YES;
				CLANG_WARN_EMPTY_BODY = YES;
				CLANG_WARN_ENUM_CONVERSION = YES;
				CLANG_WARN_INFINITE_RECURSION = YES;
				CLANG_WARN_INT_CONVERSION = YES;
				CLANG_WARN_NON_LITERAL_NULL_CONVERSION = YES;
				CLANG_WARN_OBJC_IMPLICIT_RETAIN_SELF = YES;
				CLANG_WARN_OBJC_LITERAL_CONVERSION = YES;
				CLANG_WARN_OBJC_ROOT_CLASS = YES_ERROR;
				CLANG_WARN_QUOTED_INCLUDE_IN_FRAMEWORK_HEADER = YES;
				CLANG_WARN_RANGE_LOOP_ANALYSIS = YES;
				CLANG_WARN_STRICT_PROTOTYPES = YES;
				CLANG_WARN_SUSPICIOUS_MOVE = YES;
				CLANG_WARN_UNGUARDED_AVAILABILITY = YES_AGGRESSIVE;
				CLANG_WARN_UNREACHABLE_CODE = YES;
				CLANG_WARN__DUPLICATE_METHOD_MATCH = YES;
				COPY_PHASE_STRIP = NO;
				DEBUG_INFORMATION_FORMAT = dwarf;
				ENABLE_STRICT_OBJC_MSGSEND = YES;
				ENABLE_TESTABILITY = YES;
				GCC_C_LANGUAGE_STANDARD = gnu11;
				GCC_DYNAMIC_NO_PIC = NO;
				GCC_NO_COMMON_BLOCKS = YES;
				GCC_OPTIMIZATION_LEVEL = 0;
				GCC_PREPROCESSOR_DEFINITIONS = (
					"DEBUG=1",
					"$(inherited)",
				);
				GCC_WARN_64_TO_32_BIT_CONVERSION = YES;
				GCC_WARN_ABOUT_RETURN_TYPE = YES_ERROR;
				GCC_WARN_UNDECLARED_SELECTOR = YES;
				GCC_WARN_UNINITIALIZED_AUTOS = YES_AGGRESSIVE;
				GCC_WARN_UNUSED_FUNCTION = YES;
				GCC_WARN_UNUSED_VARIABLE = YES;
				MACOSX_DEPLOYMENT_TARGET = 10.15;
				MTL_ENABLE_DEBUG_INFO = INCLUDE_SOURCE;
				MTL_FAST_MATH = YES;
				ONLY_ACTIVE_ARCH = YES;
				SDKROOT = macosx;
			};
			name = Debug;
		};
		21D62CF72540459C00B4AD3D /* Release */ = {
			isa = XCBuildConfiguration;
			buildSettings = {
				ALWAYS_SEARCH_USER_PATHS = YES;
				CLANG_ANALYZER_NONNULL = YES;
				CLANG_ANALYZER_NUMBER_OBJECT_CONVERSION = YES_AGGRESSIVE;
				CLANG_CXX_LANGUAGE_STANDARD = "gnu++14";
				CLANG_CXX_LIBRARY = "libc++";
				CLANG_ENABLE_MODULES = YES;
				CLANG_ENABLE_OBJC_ARC = YES;
				CLANG_ENABLE_OBJC_WEAK = YES;
				CLANG_WARN_BLOCK_CAPTURE_AUTORELEASING = YES;
				CLANG_WARN_BOOL_CONVERSION = YES;
				CLANG_WARN_COMMA = YES;
				CLANG_WARN_CONSTANT_CONVERSION = YES;
				CLANG_WARN_DEPRECATED_OBJC_IMPLEMENTATIONS = YES;
				CLANG_WARN_DIRECT_OBJC_ISA_USAGE = YES_ERROR;
				CLANG_WARN_DOCUMENTATION_COMMENTS = YES;
				CLANG_WARN_EMPTY_BODY = YES;
				CLANG_WARN_ENUM_CONVERSION = YES;
				CLANG_WARN_INFINITE_RECURSION = YES;
				CLANG_WARN_INT_CONVERSION = YES;
				CLANG_WARN_NON_LITERAL_NULL_CONVERSION = YES;
				CLANG_WARN_OBJC_IMPLICIT_RETAIN_SELF = YES;
				CLANG_WARN_OBJC_LITERAL_CONVERSION = YES;
				CLANG_WARN_OBJC_ROOT_CLASS = YES_ERROR;
				CLANG_WARN_QUOTED_INCLUDE_IN_FRAMEWORK_HEADER = YES;
				CLANG_WARN_RANGE_LOOP_ANALYSIS = YES;
				CLANG_WARN_STRICT_PROTOTYPES = YES;
				CLANG_WARN_SUSPICIOUS_MOVE = YES;
				CLANG_WARN_UNGUARDED_AVAILABILITY = YES_AGGRESSIVE;
				CLANG_WARN_UNREACHABLE_CODE = YES;
				CLANG_WARN__DUPLICATE_METHOD_MATCH = YES;
				COPY_PHASE_STRIP = NO;
				DEBUG_INFORMATION_FORMAT = "dwarf-with-dsym";
				ENABLE_NS_ASSERTIONS = NO;
				ENABLE_STRICT_OBJC_MSGSEND = YES;
				GCC_C_LANGUAGE_STANDARD = gnu11;
				GCC_NO_COMMON_BLOCKS = YES;
				GCC_WARN_64_TO_32_BIT_CONVERSION = YES;
				GCC_WARN_ABOUT_RETURN_TYPE = YES_ERROR;
				GCC_WARN_UNDECLARED_SELECTOR = YES;
				GCC_WARN_UNINITIALIZED_AUTOS = YES_AGGRESSIVE;
				GCC_WARN_UNUSED_FUNCTION = YES;
				GCC_WARN_UNUSED_VARIABLE = YES;
				MACOSX_DEPLOYMENT_TARGET = 10.15;
				MTL_ENABLE_DEBUG_INFO = NO;
				MTL_FAST_MATH = YES;
				SDKROOT = macosx;
			};
			name = Release;
		};
		21D62CF92540459C00B4AD3D /* Debug */ = {
			isa = XCBuildConfiguration;
			buildSettings = {
				CODE_SIGN_STYLE = Automatic;
				HEADER_SEARCH_PATHS = "/usr/local/Cellar/openssl@1.1/1.1.1h/include";
				LIBRARY_SEARCH_PATHS = (
					"/usr/local/Cellar/openssl@1.1/1.1.1h/lib",
					"/usr/local/Cellar/openssl@1.1/1.1.1h/lib",
					"/usr/local/Cellar/openssl@1.1/1.1.1h/lib",
				);
				OTHER_LDFLAGS = "-lcrypto";
				PRODUCT_NAME = "$(TARGET_NAME)";
				USER_HEADER_SEARCH_PATHS = "";
			};
			name = Debug;
		};
		21D62CFA2540459C00B4AD3D /* Release */ = {
			isa = XCBuildConfiguration;
			buildSettings = {
				CODE_SIGN_STYLE = Automatic;
				HEADER_SEARCH_PATHS = "/usr/local/Cellar/openssl@1.1/1.1.1h/include";
				LIBRARY_SEARCH_PATHS = (
					"/usr/local/Cellar/openssl@1.1/1.1.1h/lib",
					"/usr/local/Cellar/openssl@1.1/1.1.1h/lib",
					"/usr/local/Cellar/openssl@1.1/1.1.1h/lib",
				);
				OTHER_LDFLAGS = "-lcrypto";
				PRODUCT_NAME = "$(TARGET_NAME)";
				USER_HEADER_SEARCH_PATHS = "";
			};
			name = Release;
		};
/* End XCBuildConfiguration section */

/* Begin XCConfigurationList section */
		21D62CEC2540459C00B4AD3D /* Build configuration list for PBXProject "elliptic_curve" */ = {
			isa = XCConfigurationList;
			buildConfigurations = (
				21D62CF62540459C00B4AD3D /* Debug */,
				21D62CF72540459C00B4AD3D /* Release */,
			);
			defaultConfigurationIsVisible = 0;
			defaultConfigurationName = Release;
		};
		21D62CF82540459C00B4AD3D /* Build configuration list for PBXNativeTarget "elliptic_curve" */ = {
			isa = XCConfigurationList;
			buildConfigurations = (
				21D62CF92540459C00B4AD3D /* Debug */,
				21D62CFA2540459C00B4AD3D /* Release */,
			);
			defaultConfigurationIsVisible = 0;
			defaultConfigurationName = Release;
		};
/* End XCConfigurationList section */
	};
	rootObject = 21D62CE92540459C00B4AD3D /* Project object */;
}
